
Microsoft Visual Studio Solution File, Format Version 12.00
# Visual Studio Version 17
VisualStudioVersion = 17.14.37111.16 d17.14
MinimumVisualStudioVersion = 10.0.40219.1
Project("{FAE04EC0-301F-11D3-BF4B-00C04F79EFBC}") = "HospitalConsoleProject", "HospitalConsoleProject.csproj", "{13E94E0F-CB0E-7C2B-FD3D-2B70FB567647}"
EndProject
Global
	GlobalSection(SolutionConfigurationPlatforms) = preSolution
		Debug|Any CPU = Debug|Any CPU
		Release|Any CPU = Release|Any CPU
	EndGlobalSection
	GlobalSection(ProjectConfigurationPlatforms) = postSolution
		{13E94E0F-CB0E-7C2B-FD3D-2B70FB567647}.Debug|Any CPU.ActiveCfg = Debug|Any CPU
		{13E94E0F-CB0E-7C2B-FD3D-2B70FB567647}.Debug|Any CPU.Build.0 = Debug|Any CPU
		{13E94E0F-CB0E-7C2B-FD3D-2B70FB567647}.Release|Any CPU.ActiveCfg = Release|Any CPU
		{13E94E0F-CB0E-7C2B-FD3D-2B70FB567647}.Release|Any CPU.Build.0 = Release|Any CPU
	EndGlobalSection
	GlobalSection(SolutionProperties) = preSolution
		HideSolutionNode = FALSE
	EndGlobalSection
	GlobalSection(ExtensibilityGlobals) = postSolution
		SolutionGuid = {DB09C6A9-198F-4B37-B1B8-A4B6BA398BF6}
	EndGlobalSection
EndGlobal
